
Microsoft Visual Studio Solution File, Format Version 12.00
# Visual Studio Version 16
VisualStudioVersion = 16.0.31702.278
MinimumVisualStudioVersion = 10.0.40219.1
Project("{9A19103F-16F7-4668-BE54-9A1E7A4F7556}") = "TaskTrackerWebAPI", "TaskTrackerWebAPI\TaskTrackerWebAPI.csproj", "{38182ADF-66DA-4BA6-9B0A-34FE7524C47B}"
EndProject
Project("{FAE04EC0-301F-11D3-BF4B-00C04F79EFBC}") = "TaskTrackerWebAPI.DAL", "TaskTrackerWebAPI.DAL\TaskTrackerWebAPI.DAL.csproj", "{515418E3-611C-4AC6-A62D-B9C7384489B8}"
EndProject
Global
	GlobalSection(SolutionConfigurationPlatforms) = preSolution
		Debug|Any CPU = Debug|Any CPU
		Release|Any CPU = Release|Any CPU
	EndGlobalSection
	GlobalSection(ProjectConfigurationPlatforms) = postSolution
		{38182ADF-66DA-4BA6-9B0A-34FE7524C47B}.Debug|Any CPU.ActiveCfg = Debug|Any CPU
		{38182ADF-66DA-4BA6-9B0A-34FE7524C47B}.Debug|Any CPU.Build.0 = Debug|Any CPU
		{38182ADF-66DA-4BA6-9B0A-34FE7524C47B}.Release|Any CPU.ActiveCfg = Release|Any CPU
		{38182ADF-66DA-4BA6-9B0A-34FE7524C47B}.Release|Any CPU.Build.0 = Release|Any CPU
		{515418E3-611C-4AC6-A62D-B9C7384489B8}.Debug|Any CPU.ActiveCfg = Debug|Any CPU
		{515418E3-611C-4AC6-A62D-B9C7384489B8}.Debug|Any CPU.Build.0 = Debug|Any CPU
		{515418E3-611C-4AC6-A62D-B9C7384489B8}.Release|Any CPU.ActiveCfg = Release|Any CPU
		{515418E3-611C-4AC6-A62D-B9C7384489B8}.Release|Any CPU.Build.0 = Release|Any CPU
	EndGlobalSection
	GlobalSection(SolutionProperties) = preSolution
		HideSolutionNode = FALSE
	EndGlobalSection
	GlobalSection(ExtensibilityGlobals) = postSolution
		SolutionGuid = {7CC98F8A-6D93-44FA-89C0-C3534E686E85}
	EndGlobalSection
EndGlobal
